{
  "originHash" : "8fa7ad2ffe191ba905c0c4ae08405d6c638b127298dd3cb3e38cba6592d959a4",
  "pins" : [
    {
      "identity" : "inject",
      "kind" : "remoteSourceControl",
      "location" : "https://github.com/krzysztofzablocki/Inject.git",
      "state" : {
        "revision" : "838e614220000a563bbaeba2974236f2c2c51e13",
        "version" : "1.5.0"
      }
    }
  ],
  "version" : 3
}
