// !$*UTF8*$!
{
	archiveVersion = 1;
	classes = {
	};
	objectVersion = 60;
	objects = {

/* Begin PBXBuildFile section */
		D40252FB2BFD1CFE004F4772 /* ResizableSheetBootcamp.swift in Sources */ = {isa = PBXBuildFile; fileRef = D40252FA2BFD1CFE004F4772 /* ResizableSheetBootcamp.swift */; };
		D40252FD2BFDC66F004F4772 /* ContentUnavailableViewBootcamp.swift in Sources */ = {isa = PBXBuildFile; fileRef = D40252FC2BFDC66F004F4772 /* ContentUnavailableViewBootcamp.swift */; };
		D41ECA222BFB309D00540101 /* NavigationStackBootcamp.swift in Sources */ = {isa = PBXBuildFile; fileRef = D41ECA212BFB309D00540101 /* NavigationStackBootcamp.swift */; };
		D45CA6AA2BFC3AB900612B41 /* Components in Frameworks */ = {isa = PBXBuildFile; productRef = D45CA6A92BFC3AB900612B41 /* Components */; };
		D4CF8C1C2B80107A003ACF65 /* Components_ViewApp.swift in Sources */ = {isa = PBXBuildFile; fileRef = D4CF8C1B2B80107A003ACF65 /* Components_ViewApp.swift */; };
		D4CF8C1E2B80107A003ACF65 /* ContentView.swift in Sources */ = {isa = PBXBuildFile; fileRef = D4CF8C1D2B80107A003ACF65 /* ContentView.swift */; };
		D4CF8C202B80107B003ACF65 /* Assets.xcassets in Resources */ = {isa = PBXBuildFile; fileRef = D4CF8C1F2B80107B003ACF65 /* Assets.xcassets */; };
		D4CF8C232B80107B003ACF65 /* Preview Assets.xcassets in Resources */ = {isa = PBXBuildFile; fileRef = D4CF8C222B80107B003ACF65 /* Preview Assets.xcassets */; };
		D4CF8C2B2B801216003ACF65 /* Components in Frameworks */ = {isa = PBXBuildFile; productRef = D4CF8C2A2B801216003ACF65 /* Components */; };
		D4CF8C332B8022B1003ACF65 /* Inject in Frameworks */ = {isa = PBXBuildFile; productRef = D4CF8C322B8022B1003ACF65 /* Inject */; };
/* End PBXBuildFile section */

/* Begin PBXFileReference section */
		D40252FA2BFD1CFE004F4772 /* ResizableSheetBootcamp.swift */ = {isa = PBXFileReference; lastKnownFileType = sourcecode.swift; path = ResizableSheetBootcamp.swift; sourceTree = "<group>"; };
		D40252FC2BFDC66F004F4772 /* ContentUnavailableViewBootcamp.swift */ = {isa = PBXFileReference; lastKnownFileType = sourcecode.swift; path = ContentUnavailableViewBootcamp.swift; sourceTree = "<group>"; };
		D41ECA212BFB309D00540101 /* NavigationStackBootcamp.swift */ = {isa = PBXFileReference; lastKnownFileType = sourcecode.swift; path = NavigationStackBootcamp.swift; sourceTree = "<group>"; };
		D4CF8C182B80107A003ACF65 /* Components_View.app */ = {isa = PBXFileReference; explicitFileType = wrapper.application; includeInIndex = 0; path = Components_View.app; sourceTree = BUILT_PRODUCTS_DIR; };
		D4CF8C1B2B80107A003ACF65 /* Components_ViewApp.swift */ = {isa = PBXFileReference; lastKnownFileType = sourcecode.swift; path = Components_ViewApp.swift; sourceTree = "<group>"; };
		D4CF8C1D2B80107A003ACF65 /* ContentView.swift */ = {isa = PBXFileReference; lastKnownFileType = sourcecode.swift; path = ContentView.swift; sourceTree = "<group>"; };
		D4CF8C1F2B80107B003ACF65 /* Assets.xcassets */ = {isa = PBXFileReference; lastKnownFileType = folder.assetcatalog; path = Assets.xcassets; sourceTree = "<group>"; };
		D4CF8C222B80107B003ACF65 /* Preview Assets.xcassets */ = {isa = PBXFileReference; lastKnownFileType = folder.assetcatalog; path = "Preview Assets.xcassets"; sourceTree = "<group>"; };
/* End PBXFileReference section */

/* Begin PBXFrameworksBuildPhase section */
		D4CF8C152B80107A003ACF65 /* Frameworks */ = {
			isa = PBXFrameworksBuildPhase;
			buildActionMask = 2147483647;
			files = (
				D4CF8C2B2B801216003ACF65 /* Components in Frameworks */,
				D4CF8C332B8022B1003ACF65 /* Inject in Frameworks */,
				D45CA6AA2BFC3AB900612B41 /* Components in Frameworks */,
			);
			runOnlyForDeploymentPostprocessing = 0;
		};
/* End PBXFrameworksBuildPhase section */

/* Begin PBXGroup section */
		D4CF8C0F2B80107A003ACF65 = {
			isa = PBXGroup;
			children = (
				D4CF8C1A2B80107A003ACF65 /* Components_View */,
				D4CF8C192B80107A003ACF65 /* Products */,
			);
			sourceTree = "<group>";
		};
		D4CF8C192B80107A003ACF65 /* Products */ = {
			isa = PBXGroup;
			children = (
				D4CF8C182B80107A003ACF65 /* Components_View.app */,
			);
			name = Products;
			sourceTree = "<group>";
		};
		D4CF8C1A2B80107A003ACF65 /* Components_View */ = {
			isa = PBXGroup;
			children = (
				D4CF8C1B2B80107A003ACF65 /* Components_ViewApp.swift */,
				D4CF8C1D2B80107A003ACF65 /* ContentView.swift */,
				D41ECA212BFB309D00540101 /* NavigationStackBootcamp.swift */,
				D40252FA2BFD1CFE004F4772 /* ResizableSheetBootcamp.swift */,
				D40252FC2BFDC66F004F4772 /* ContentUnavailableViewBootcamp.swift */,
				D4CF8C1F2B80107B003ACF65 /* Assets.xcassets */,
				D4CF8C212B80107B003ACF65 /* Preview Content */,
			);
			path = Components_View;
			sourceTree = "<group>";
		};
		D4CF8C212B80107B003ACF65 /* Preview Content */ = {
			isa = PBXGroup;
			children = (
				D4CF8C222B80107B003ACF65 /* Preview Assets.xcassets */,
			);
			path = "Preview Content";
			sourceTree = "<group>";
		};
/* End PBXGroup section */

/* Begin PBXNativeTarget section */
		D4CF8C172B80107A003ACF65 /* Components_View */ = {
			isa = PBXNativeTarget;
			buildConfigurationList = D4CF8C262B80107B003ACF65 /* Build configuration list for PBXNativeTarget "Components_View" */;
			buildPhases = (
				D4CF8C142B80107A003ACF65 /* Sources */,
				D4CF8C152B80107A003ACF65 /* Frameworks */,
				D4CF8C162B80107A003ACF65 /* Resources */,
			);
			buildRules = (
			);
			dependencies = (
			);
			name = Components_View;
			packageProductDependencies = (
				D4CF8C2A2B801216003ACF65 /* Components */,
				D4CF8C322B8022B1003ACF65 /* Inject */,
				D45CA6A92BFC3AB900612B41 /* Components */,
			);
			productName = Components_View;
			productReference = D4CF8C182B80107A003ACF65 /* Components_View.app */;
			productType = "com.apple.product-type.application";
		};
/* End PBXNativeTarget section */

/* Begin PBXProject section */
		D4CF8C102B80107A003ACF65 /* Project object */ = {
			isa = PBXProject;
			attributes = {
				BuildIndependentTargetsInParallel = 1;
				LastSwiftUpdateCheck = 1520;
				LastUpgradeCheck = 1520;
				TargetAttributes = {
					D4CF8C172B80107A003ACF65 = {
						CreatedOnToolsVersion = 15.2;
					};
				};
			};
			buildConfigurationList = D4CF8C132B80107A003ACF65 /* Build configuration list for PBXProject "Components_View" */;
			compatibilityVersion = "Xcode 14.0";
			developmentRegion = en;
			hasScannedForEncodings = 0;
			knownRegions = (
				en,
				Base,
			);
			mainGroup = D4CF8C0F2B80107A003ACF65;
			packageReferences = (
				D4CF8C312B8022B1003ACF65 /* XCRemoteSwiftPackageReference "Inject" */,
				D45CA6A82BFC3AB900612B41 /* XCLocalSwiftPackageReference "../Components" */,
			);
			productRefGroup = D4CF8C192B80107A003ACF65 /* Products */;
			projectDirPath = "";
			projectRoot = "";
			targets = (
				D4CF8C172B80107A003ACF65 /* Components_View */,
			);
		};
/* End PBXProject section */

/* Begin PBXResourcesBuildPhase section */
		D4CF8C162B80107A003ACF65 /* Resources */ = {
			isa = PBXResourcesBuildPhase;
			buildActionMask = 2147483647;
			files = (
				D4CF8C232B80107B003ACF65 /* Preview Assets.xcassets in Resources */,
				D4CF8C202B80107B003ACF65 /* Assets.xcassets in Resources */,
			);
			runOnlyForDeploymentPostprocessing = 0;
		};
/* End PBXResourcesBuildPhase section */

/* Begin PBXSourcesBuildPhase section */
		D4CF8C142B80107A003ACF65 /* Sources */ = {
			isa = PBXSourcesBuildPhase;
			buildActionMask = 2147483647;
			files = (
				D41ECA222BFB309D00540101 /* NavigationStackBootcamp.swift in Sources */,
				D40252FD2BFDC66F004F4772 /* ContentUnavailableViewBootcamp.swift in Sources */,
				D4CF8C1E2B80107A003ACF65 /* ContentView.swift in Sources */,
				D40252FB2BFD1CFE004F4772 /* ResizableSheetBootcamp.swift in Sources */,
				D4CF8C1C2B80107A003ACF65 /* Components_ViewApp.swift in Sources */,
			);
			runOnlyForDeploymentPostprocessing = 0;
		};
/* End PBXSourcesBuildPhase section */

/* Begin XCBuildConfiguration section */
		D4CF8C242B80107B003ACF65 /* Debug */ = {
			isa = XCBuildConfiguration;
			buildSettings = {
				ALWAYS_SEARCH_USER_PATHS = NO;
				ASSETCATALOG_COMPILER_GENERATE_SWIFT_ASSET_SYMBOL_EXTENSIONS = YES;
				CLANG_ANALYZER_NONNULL = YES;
				CLANG_ANALYZER_NUMBER_OBJECT_CONVERSION = YES_AGGRESSIVE;
				CLANG_CXX_LANGUAGE_STANDARD = "gnu++20";
				CLANG_ENABLE_MODULES = YES;
				CLANG_ENABLE_OBJC_ARC = YES;
				CLANG_ENABLE_OBJC_WEAK = YES;
				CLANG_WARN_BLOCK_CAPTURE_AUTORELEASING = YES;
				CLANG_WARN_BOOL_CONVERSION = YES;
				CLANG_WARN_COMMA = YES;
				CLANG_WARN_CONSTANT_CONVERSION = YES;
				CLANG_WARN_DEPRECATED_OBJC_IMPLEMENTATIONS = YES;
				CLANG_WARN_DIRECT_OBJC_ISA_USAGE = YES_ERROR;
				CLANG_WARN_DOCUMENTATION_COMMENTS = YES;
				CLANG_WARN_EMPTY_BODY = YES;
				CLANG_WARN_ENUM_CONVERSION = YES;
				CLANG_WARN_INFINITE_RECURSION = YES;
				CLANG_WARN_INT_CONVERSION = YES;
				CLANG_WARN_NON_LITERAL_NULL_CONVERSION = YES;
				CLANG_WARN_OBJC_IMPLICIT_RETAIN_SELF = YES;
				CLANG_WARN_OBJC_LITERAL_CONVERSION = YES;
				CLANG_WARN_OBJC_ROOT_CLASS = YES_ERROR;
				CLANG_WARN_QUOTED_INCLUDE_IN_FRAMEWORK_HEADER = YES;
				CLANG_WARN_RANGE_LOOP_ANALYSIS = YES;
				CLANG_WARN_STRICT_PROTOTYPES = YES;
				CLANG_WARN_SUSPICIOUS_MOVE = YES;
				CLANG_WARN_UNGUARDED_AVAILABILITY = YES_AGGRESSIVE;
				CLANG_WARN_UNREACHABLE_CODE = YES;
				CLANG_WARN__DUPLICATE_METHOD_MATCH = YES;
				COPY_PHASE_STRIP = NO;
				DEBUG_INFORMATION_FORMAT = dwarf;
				ENABLE_STRICT_OBJC_MSGSEND = YES;
				ENABLE_TESTABILITY = YES;
				ENABLE_USER_SCRIPT_SANDBOXING = YES;
				GCC_C_LANGUAGE_STANDARD = gnu17;
				GCC_DYNAMIC_NO_PIC = NO;
				GCC_NO_COMMON_BLOCKS = YES;
				GCC_OPTIMIZATION_LEVEL = 0;
				GCC_PREPROCESSOR_DEFINITIONS = (
					"DEBUG=1",
					"$(inherited)",
				);
				GCC_WARN_64_TO_32_BIT_CONVERSION = YES;
				GCC_WARN_ABOUT_RETURN_TYPE = YES_ERROR;
				GCC_WARN_UNDECLARED_SELECTOR = YES;
				GCC_WARN_UNINITIALIZED_AUTOS = YES_AGGRESSIVE;
				GCC_WARN_UNUSED_FUNCTION = YES;
				GCC_WARN_UNUSED_VARIABLE = YES;
				IPHONEOS_DEPLOYMENT_TARGET = 17.2;
				LOCALIZATION_PREFERS_STRING_CATALOGS = YES;
				MTL_ENABLE_DEBUG_INFO = INCLUDE_SOURCE;
				MTL_FAST_MATH = YES;
				ONLY_ACTIVE_ARCH = YES;
				"OTHER_LDFLAGS[arch=*]" = (
					"-Xlinker",
					"-interposable",
				);
				SDKROOT = iphoneos;
				SWIFT_ACTIVE_COMPILATION_CONDITIONS = "DEBUG $(inherited)";
				SWIFT_OPTIMIZATION_LEVEL = "-Onone";
			};
			name = Debug;
		};
		D4CF8C252B80107B003ACF65 /* Release */ = {
			isa = XCBuildConfiguration;
			buildSettings = {
				ALWAYS_SEARCH_USER_PATHS = NO;
				ASSETCATALOG_COMPILER_GENERATE_SWIFT_ASSET_SYMBOL_EXTENSIONS = YES;
				CLANG_ANALYZER_NONNULL = YES;
				CLANG_ANALYZER_NUMBER_OBJECT_CONVERSION = YES_AGGRESSIVE;
				CLANG_CXX_LANGUAGE_STANDARD = "gnu++20";
				CLANG_ENABLE_MODULES = YES;
				CLANG_ENABLE_OBJC_ARC = YES;
				CLANG_ENABLE_OBJC_WEAK = YES;
				CLANG_WARN_BLOCK_CAPTURE_AUTORELEASING = YES;
				CLANG_WARN_BOOL_CONVERSION = YES;
				CLANG_WARN_COMMA = YES;
				CLANG_WARN_CONSTANT_CONVERSION = YES;
				CLANG_WARN_DEPRECATED_OBJC_IMPLEMENTATIONS = YES;
				CLANG_WARN_DIRECT_OBJC_ISA_USAGE = YES_ERROR;
				CLANG_WARN_DOCUMENTATION_COMMENTS = YES;
				CLANG_WARN_EMPTY_BODY = YES;
				CLANG_WARN_ENUM_CONVERSION = YES;
				CLANG_WARN_INFINITE_RECURSION = YES;
				CLANG_WARN_INT_CONVERSION = YES;
				CLANG_WARN_NON_LITERAL_NULL_CONVERSION = YES;
				CLANG_WARN_OBJC_IMPLICIT_RETAIN_SELF = YES;
				CLANG_WARN_OBJC_LITERAL_CONVERSION = YES;
				CLANG_WARN_OBJC_ROOT_CLASS = YES_ERROR;
				CLANG_WARN_QUOTED_INCLUDE_IN_FRAMEWORK_HEADER = YES;
				CLANG_WARN_RANGE_LOOP_ANALYSIS = YES;
				CLANG_WARN_STRICT_PROTOTYPES = YES;
				CLANG_WARN_SUSPICIOUS_MOVE = YES;
				CLANG_WARN_UNGUARDED_AVAILABILITY = YES_AGGRESSIVE;
				CLANG_WARN_UNREACHABLE_CODE = YES;
				CLANG_WARN__DUPLICATE_METHOD_MATCH = YES;
				COPY_PHASE_STRIP = NO;
				DEBUG_INFORMATION_FORMAT = "dwarf-with-dsym";
				ENABLE_NS_ASSERTIONS = NO;
				ENABLE_STRICT_OBJC_MSGSEND = YES;
				ENABLE_USER_SCRIPT_SANDBOXING = YES;
				GCC_C_LANGUAGE_STANDARD = gnu17;
				GCC_NO_COMMON_BLOCKS = YES;
				GCC_WARN_64_TO_32_BIT_CONVERSION = YES;
				GCC_WARN_ABOUT_RETURN_TYPE = YES_ERROR;
				GCC_WARN_UNDECLARED_SELECTOR = YES;
				GCC_WARN_UNINITIALIZED_AUTOS = YES_AGGRESSIVE;
				GCC_WARN_UNUSED_FUNCTION = YES;
				GCC_WARN_UNUSED_VARIABLE = YES;
				IPHONEOS_DEPLOYMENT_TARGET = 17.2;
				LOCALIZATION_PREFERS_STRING_CATALOGS = YES;
				MTL_ENABLE_DEBUG_INFO = NO;
				MTL_FAST_MATH = YES;
				SDKROOT = iphoneos;
				SWIFT_COMPILATION_MODE = wholemodule;
				VALIDATE_PRODUCT = YES;
			};
			name = Release;
		};
		D4CF8C272B80107B003ACF65 /* Debug */ = {
			isa = XCBuildConfiguration;
			buildSettings = {
				ASSETCATALOG_COMPILER_APPICON_NAME = AppIcon;
				ASSETCATALOG_COMPILER_GLOBAL_ACCENT_COLOR_NAME = AccentColor;
				CODE_SIGN_STYLE = Automatic;
				CURRENT_PROJECT_VERSION = 1;
				DEVELOPMENT_ASSET_PATHS = "\"Components_View/Preview Content\"";
				DEVELOPMENT_TEAM = ZQNTYXCS7L;
				ENABLE_PREVIEWS = YES;
				GENERATE_INFOPLIST_FILE = YES;
				INFOPLIST_KEY_UIApplicationSceneManifest_Generation = YES;
				INFOPLIST_KEY_UIApplicationSupportsIndirectInputEvents = YES;
				INFOPLIST_KEY_UILaunchScreen_Generation = YES;
				INFOPLIST_KEY_UISupportedInterfaceOrientations_iPad = "UIInterfaceOrientationPortrait UIInterfaceOrientationPortraitUpsideDown UIInterfaceOrientationLandscapeLeft UIInterfaceOrientationLandscapeRight";
				INFOPLIST_KEY_UISupportedInterfaceOrientations_iPhone = "UIInterfaceOrientationPortrait UIInterfaceOrientationLandscapeLeft UIInterfaceOrientationLandscapeRight";
				LD_RUNPATH_SEARCH_PATHS = (
					"$(inherited)",
					"@executable_path/Frameworks",
				);
				MARKETING_VERSION = 1.0;
				PRODUCT_BUNDLE_IDENTIFIER = "com.lzhao.Components-View";
				PRODUCT_NAME = "$(TARGET_NAME)";
				SWIFT_EMIT_LOC_STRINGS = YES;
				SWIFT_VERSION = 5.0;
				TARGETED_DEVICE_FAMILY = "1,2";
			};
			name = Debug;
		};
		D4CF8C282B80107B003ACF65 /* Release */ = {
			isa = XCBuildConfiguration;
			buildSettings = {
				ASSETCATALOG_COMPILER_APPICON_NAME = AppIcon;
				ASSETCATALOG_COMPILER_GLOBAL_ACCENT_COLOR_NAME = AccentColor;
				CODE_SIGN_STYLE = Automatic;
				CURRENT_PROJECT_VERSION = 1;
				DEVELOPMENT_ASSET_PATHS = "\"Components_View/Preview Content\"";
				DEVELOPMENT_TEAM = ZQNTYXCS7L;
				ENABLE_PREVIEWS = YES;
				GENERATE_INFOPLIST_FILE = YES;
				INFOPLIST_KEY_UIApplicationSceneManifest_Generation = YES;
				INFOPLIST_KEY_UIApplicationSupportsIndirectInputEvents = YES;
				INFOPLIST_KEY_UILaunchScreen_Generation = YES;
				INFOPLIST_KEY_UISupportedInterfaceOrientations_iPad = "UIInterfaceOrientationPortrait UIInterfaceOrientationPortraitUpsideDown UIInterfaceOrientationLandscapeLeft UIInterfaceOrientationLandscapeRight";
				INFOPLIST_KEY_UISupportedInterfaceOrientations_iPhone = "UIInterfaceOrientationPortrait UIInterfaceOrientationLandscapeLeft UIInterfaceOrientationLandscapeRight";
				LD_RUNPATH_SEARCH_PATHS = (
					"$(inherited)",
					"@executable_path/Frameworks",
				);
				MARKETING_VERSION = 1.0;
				PRODUCT_BUNDLE_IDENTIFIER = "com.lzhao.Components-View";
				PRODUCT_NAME = "$(TARGET_NAME)";
				SWIFT_EMIT_LOC_STRINGS = YES;
				SWIFT_VERSION = 5.0;
				TARGETED_DEVICE_FAMILY = "1,2";
			};
			name = Release;
		};
/* End XCBuildConfiguration section */

/* Begin XCConfigurationList section */
		D4CF8C132B80107A003ACF65 /* Build configuration list for PBXProject "Components_View" */ = {
			isa = XCConfigurationList;
			buildConfigurations = (
				D4CF8C242B80107B003ACF65 /* Debug */,
				D4CF8C252B80107B003ACF65 /* Release */,
			);
			defaultConfigurationIsVisible = 0;
			defaultConfigurationName = Release;
		};
		D4CF8C262B80107B003ACF65 /* Build configuration list for PBXNativeTarget "Components_View" */ = {
			isa = XCConfigurationList;
			buildConfigurations = (
				D4CF8C272B80107B003ACF65 /* Debug */,
				D4CF8C282B80107B003ACF65 /* Release */,
			);
			defaultConfigurationIsVisible = 0;
			defaultConfigurationName = Release;
		};
/* End XCConfigurationList section */

/* Begin XCLocalSwiftPackageReference section */
		D45CA6A82BFC3AB900612B41 /* XCLocalSwiftPackageReference "../Components" */ = {
			isa = XCLocalSwiftPackageReference;
			relativePath = ../Components;
		};
/* End XCLocalSwiftPackageReference section */

/* Begin XCRemoteSwiftPackageReference section */
		D4CF8C312B8022B1003ACF65 /* XCRemoteSwiftPackageReference "Inject" */ = {
			isa = XCRemoteSwiftPackageReference;
			repositoryURL = "https://github.com/krzysztofzablocki/Inject.git";
			requirement = {
				kind = upToNextMajorVersion;
				minimumVersion = 1.5.0;
			};
		};
/* End XCRemoteSwiftPackageReference section */

/* Begin XCSwiftPackageProductDependency section */
		D45CA6A92BFC3AB900612B41 /* Components */ = {
			isa = XCSwiftPackageProductDependency;
			productName = Components;
		};
		D4CF8C2A2B801216003ACF65 /* Components */ = {
			isa = XCSwiftPackageProductDependency;
			productName = Components;
		};
		D4CF8C322B8022B1003ACF65 /* Inject */ = {
			isa = XCSwiftPackageProductDependency;
			package = D4CF8C312B8022B1003ACF65 /* XCRemoteSwiftPackageReference "Inject" */;
			productName = Inject;
		};
/* End XCSwiftPackageProductDependency section */
	};
	rootObject = D4CF8C102B80107A003ACF65 /* Project object */;
}
